
Microsoft Visual Studio Solution File, Format Version 12.00
# Visual Studio Version 16
VisualStudioVersion = 16.0.31729.503
MinimumVisualStudioVersion = 10.0.40219.1
Project("{FAE04EC0-301F-11D3-BF4B-00C04F79EFBC}") = "lecture fichier", "lecture fichier.csproj", "{F7ED42C4-0FF7-4D37-9FD8-28A106554A2F}"
EndProject
Global
	GlobalSection(SolutionConfigurationPlatforms) = preSolution
		Debug|Any CPU = Debug|Any CPU
		Release|Any CPU = Release|Any CPU
	EndGlobalSection
	GlobalSection(ProjectConfigurationPlatforms) = postSolution
		{F7ED42C4-0FF7-4D37-9FD8-28A106554A2F}.Debug|Any CPU.ActiveCfg = Debug|Any CPU
		{F7ED42C4-0FF7-4D37-9FD8-28A106554A2F}.Debug|Any CPU.Build.0 = Debug|Any CPU
		{F7ED42C4-0FF7-4D37-9FD8-28A106554A2F}.Release|Any CPU.ActiveCfg = Debug|Any CPU
		{F7ED42C4-0FF7-4D37-9FD8-28A106554A2F}.Release|Any CPU.Build.0 = Debug|Any CPU
	EndGlobalSection
	GlobalSection(SolutionProperties) = preSolution
		HideSolutionNode = FALSE
	EndGlobalSection
	GlobalSection(ExtensibilityGlobals) = postSolution
		SolutionGuid = {E954BAE1-1CDF-4898-BF73-2C8F16B27D61}
	EndGlobalSection
EndGlobal
